// !$*UTF8*$!
{
	archiveVersion = 1;
	classes = {
	};
	objectVersion = 56;
	objects = {

/* Begin PBXBuildFile section */
		F6B8AF4A2944F23200DFC71C /* MovieOSApp.swift in Sources */ = {isa = PBXBuildFile; fileRef = F6B8AF492944F23200DFC71C /* MovieOSApp.swift */; };
		F6B8AF4C2944F23200DFC71C /* HomeView.swift in Sources */ = {isa = PBXBuildFile; fileRef = F6B8AF4B2944F23200DFC71C /* HomeView.swift */; };
		F6B8AF4E2944F23500DFC71C /* Assets.xcassets in Resources */ = {isa = PBXBuildFile; fileRef = F6B8AF4D2944F23500DFC71C /* Assets.xcassets */; };
		F6B8AF512944F23500DFC71C /* Preview Assets.xcassets in Resources */ = {isa = PBXBuildFile; fileRef = F6B8AF502944F23500DFC71C /* Preview Assets.xcassets */; };
		F6B8AF5F2944F7DB00DFC71C /* Manager.swift in Sources */ = {isa = PBXBuildFile; fileRef = F6B8AF5E2944F7DB00DFC71C /* Manager.swift */; };
		F6B8AF652944F98200DFC71C /* Log.swift in Sources */ = {isa = PBXBuildFile; fileRef = F6B8AF642944F98200DFC71C /* Log.swift */; };
		F6B8AF682945007600DFC71C /* Endpoint.swift in Sources */ = {isa = PBXBuildFile; fileRef = F6B8AF672945007600DFC71C /* Endpoint.swift */; };
		F6B8AF6A294500E200DFC71C /* MovieEndpoint.swift in Sources */ = {isa = PBXBuildFile; fileRef = F6B8AF69294500E200DFC71C /* MovieEndpoint.swift */; };
		F6B8AF6C294631DC00DFC71C /* NetworkEngine.swift in Sources */ = {isa = PBXBuildFile; fileRef = F6B8AF6B294631DC00DFC71C /* NetworkEngine.swift */; };
		F6B8AF722946361D00DFC71C /* Movies.swift in Sources */ = {isa = PBXBuildFile; fileRef = F6B8AF712946361D00DFC71C /* Movies.swift */; };
		F6B8AF742946410F00DFC71C /* Movie.swift in Sources */ = {isa = PBXBuildFile; fileRef = F6B8AF732946410F00DFC71C /* Movie.swift */; };
		F6B8AF7929477CAF00DFC71C /* ImageLoader.swift in Sources */ = {isa = PBXBuildFile; fileRef = F6B8AF7829477CAF00DFC71C /* ImageLoader.swift */; };
		F6B8AF7D2947B59C00DFC71C /* MovieDetailScreen.swift in Sources */ = {isa = PBXBuildFile; fileRef = F6B8AF7C2947B59C00DFC71C /* MovieDetailScreen.swift */; };
		F6B8AF822948B5CB00DFC71C /* XMarkImage.swift in Sources */ = {isa = PBXBuildFile; fileRef = F6B8AF812948B5CB00DFC71C /* XMarkImage.swift */; };
/* End PBXBuildFile section */

/* Begin PBXFileReference section */
		F6B8AF462944F23200DFC71C /* MovieOS.app */ = {isa = PBXFileReference; explicitFileType = wrapper.application; includeInIndex = 0; path = MovieOS.app; sourceTree = BUILT_PRODUCTS_DIR; };
		F6B8AF492944F23200DFC71C /* MovieOSApp.swift */ = {isa = PBXFileReference; lastKnownFileType = sourcecode.swift; path = MovieOSApp.swift; sourceTree = "<group>"; };
		F6B8AF4B2944F23200DFC71C /* HomeView.swift */ = {isa = PBXFileReference; lastKnownFileType = sourcecode.swift; path = HomeView.swift; sourceTree = "<group>"; };
		F6B8AF4D2944F23500DFC71C /* Assets.xcassets */ = {isa = PBXFileReference; lastKnownFileType = folder.assetcatalog; path = Assets.xcassets; sourceTree = "<group>"; };
		F6B8AF502944F23500DFC71C /* Preview Assets.xcassets */ = {isa = PBXFileReference; lastKnownFileType = folder.assetcatalog; path = "Preview Assets.xcassets"; sourceTree = "<group>"; };
		F6B8AF5E2944F7DB00DFC71C /* Manager.swift */ = {isa = PBXFileReference; lastKnownFileType = sourcecode.swift; path = Manager.swift; sourceTree = "<group>"; };
		F6B8AF642944F98200DFC71C /* Log.swift */ = {isa = PBXFileReference; lastKnownFileType = sourcecode.swift; path = Log.swift; sourceTree = "<group>"; };
		F6B8AF672945007600DFC71C /* Endpoint.swift */ = {isa = PBXFileReference; lastKnownFileType = sourcecode.swift; path = Endpoint.swift; sourceTree = "<group>"; };
		F6B8AF69294500E200DFC71C /* MovieEndpoint.swift */ = {isa = PBXFileReference; lastKnownFileType = sourcecode.swift; path = MovieEndpoint.swift; sourceTree = "<group>"; };
		F6B8AF6B294631DC00DFC71C /* NetworkEngine.swift */ = {isa = PBXFileReference; lastKnownFileType = sourcecode.swift; path = NetworkEngine.swift; sourceTree = "<group>"; };
		F6B8AF712946361D00DFC71C /* Movies.swift */ = {isa = PBXFileReference; lastKnownFileType = sourcecode.swift; path = Movies.swift; sourceTree = "<group>"; };
		F6B8AF732946410F00DFC71C /* Movie.swift */ = {isa = PBXFileReference; lastKnownFileType = sourcecode.swift; path = Movie.swift; sourceTree = "<group>"; };
		F6B8AF7829477CAF00DFC71C /* ImageLoader.swift */ = {isa = PBXFileReference; lastKnownFileType = sourcecode.swift; path = ImageLoader.swift; sourceTree = "<group>"; };
		F6B8AF7C2947B59C00DFC71C /* MovieDetailScreen.swift */ = {isa = PBXFileReference; lastKnownFileType = sourcecode.swift; path = MovieDetailScreen.swift; sourceTree = "<group>"; };
		F6B8AF812948B5CB00DFC71C /* XMarkImage.swift */ = {isa = PBXFileReference; lastKnownFileType = sourcecode.swift; path = XMarkImage.swift; sourceTree = "<group>"; };
/* End PBXFileReference section */

/* Begin PBXFrameworksBuildPhase section */
		F6B8AF432944F23200DFC71C /* Frameworks */ = {
			isa = PBXFrameworksBuildPhase;
			buildActionMask = 2147483647;
			files = (
			);
			runOnlyForDeploymentPostprocessing = 0;
		};
/* End PBXFrameworksBuildPhase section */

/* Begin PBXGroup section */
		F6B8AF3D2944F23200DFC71C = {
			isa = PBXGroup;
			children = (
				F6B8AF492944F23200DFC71C /* MovieOSApp.swift */,
				F6B8AF482944F23200DFC71C /* MovieOS */,
				F6B8AF472944F23200DFC71C /* Products */,
			);
			sourceTree = "<group>";
		};
		F6B8AF472944F23200DFC71C /* Products */ = {
			isa = PBXGroup;
			children = (
				F6B8AF462944F23200DFC71C /* MovieOS.app */,
			);
			name = Products;
			sourceTree = "<group>";
		};
		F6B8AF482944F23200DFC71C /* MovieOS */ = {
			isa = PBXGroup;
			children = (
				F6B8AF662945006700DFC71C /* Networking */,
				F6B8AF632944F95600DFC71C /* Utils */,
				F6B8AF5D2944F7C800DFC71C /* Manager */,
				F6B8AF6E294635C200DFC71C /* Model */,
				F6B8AF6D294635B500DFC71C /* Views */,
				F6B8AF7E2948B15E00DFC71C /* Components */,
				F6B8AF4D2944F23500DFC71C /* Assets.xcassets */,
				F6B8AF4F2944F23500DFC71C /* Preview Content */,
			);
			path = MovieOS;
			sourceTree = "<group>";
		};
		F6B8AF4F2944F23500DFC71C /* Preview Content */ = {
			isa = PBXGroup;
			children = (
				F6B8AF502944F23500DFC71C /* Preview Assets.xcassets */,
			);
			path = "Preview Content";
			sourceTree = "<group>";
		};
		F6B8AF5D2944F7C800DFC71C /* Manager */ = {
			isa = PBXGroup;
			children = (
				F6B8AF5E2944F7DB00DFC71C /* Manager.swift */,
			);
			path = Manager;
			sourceTree = "<group>";
		};
		F6B8AF632944F95600DFC71C /* Utils */ = {
			isa = PBXGroup;
			children = (
				F6B8AF642944F98200DFC71C /* Log.swift */,
			);
			path = Utils;
			sourceTree = "<group>";
		};
		F6B8AF662945006700DFC71C /* Networking */ = {
			isa = PBXGroup;
			children = (
				F6B8AF6B294631DC00DFC71C /* NetworkEngine.swift */,
				F6B8AF69294500E200DFC71C /* MovieEndpoint.swift */,
				F6B8AF672945007600DFC71C /* Endpoint.swift */,
			);
			path = Networking;
			sourceTree = "<group>";
		};
		F6B8AF6D294635B500DFC71C /* Views */ = {
			isa = PBXGroup;
			children = (
				F6B8AF4B2944F23200DFC71C /* HomeView.swift */,
				F6B8AF7C2947B59C00DFC71C /* MovieDetailScreen.swift */,
			);
			path = Views;
			sourceTree = "<group>";
		};
		F6B8AF6E294635C200DFC71C /* Model */ = {
			isa = PBXGroup;
			children = (
				F6B8AF712946361D00DFC71C /* Movies.swift */,
				F6B8AF732946410F00DFC71C /* Movie.swift */,
			);
			path = Model;
			sourceTree = "<group>";
		};
		F6B8AF7E2948B15E00DFC71C /* Components */ = {
			isa = PBXGroup;
			children = (
				F6B8AF812948B5CB00DFC71C /* XMarkImage.swift */,
				F6B8AF7829477CAF00DFC71C /* ImageLoader.swift */,
			);
			path = Components;
			sourceTree = "<group>";
		};
/* End PBXGroup section */

/* Begin PBXNativeTarget section */
		F6B8AF452944F23200DFC71C /* MovieOS */ = {
			isa = PBXNativeTarget;
			buildConfigurationList = F6B8AF542944F23500DFC71C /* Build configuration list for PBXNativeTarget "MovieOS" */;
			buildPhases = (
				F6B8AF422944F23200DFC71C /* Sources */,
				F6B8AF432944F23200DFC71C /* Frameworks */,
				F6B8AF442944F23200DFC71C /* Resources */,
			);
			buildRules = (
			);
			dependencies = (
			);
			name = MovieOS;
			productName = MovieOS;
			productReference = F6B8AF462944F23200DFC71C /* MovieOS.app */;
			productType = "com.apple.product-type.application";
		};
/* End PBXNativeTarget section */

/* Begin PBXProject section */
		F6B8AF3E2944F23200DFC71C /* Project object */ = {
			isa = PBXProject;
			attributes = {
				BuildIndependentTargetsInParallel = 1;
				LastSwiftUpdateCheck = 1400;
				LastUpgradeCheck = 1400;
				TargetAttributes = {
					F6B8AF452944F23200DFC71C = {
						CreatedOnToolsVersion = 14.0.1;
					};
				};
			};
			buildConfigurationList = F6B8AF412944F23200DFC71C /* Build configuration list for PBXProject "MovieOS" */;
			compatibilityVersion = "Xcode 14.0";
			developmentRegion = en;
			hasScannedForEncodings = 0;
			knownRegions = (
				en,
				Base,
			);
			mainGroup = F6B8AF3D2944F23200DFC71C;
			productRefGroup = F6B8AF472944F23200DFC71C /* Products */;
			projectDirPath = "";
			projectRoot = "";
			targets = (
				F6B8AF452944F23200DFC71C /* MovieOS */,
			);
		};
/* End PBXProject section */

/* Begin PBXResourcesBuildPhase section */
		F6B8AF442944F23200DFC71C /* Resources */ = {
			isa = PBXResourcesBuildPhase;
			buildActionMask = 2147483647;
			files = (
				F6B8AF512944F23500DFC71C /* Preview Assets.xcassets in Resources */,
				F6B8AF4E2944F23500DFC71C /* Assets.xcassets in Resources */,
			);
			runOnlyForDeploymentPostprocessing = 0;
		};
/* End PBXResourcesBuildPhase section */

/* Begin PBXSourcesBuildPhase section */
		F6B8AF422944F23200DFC71C /* Sources */ = {
			isa = PBXSourcesBuildPhase;
			buildActionMask = 2147483647;
			files = (
				F6B8AF6A294500E200DFC71C /* MovieEndpoint.swift in Sources */,
				F6B8AF7929477CAF00DFC71C /* ImageLoader.swift in Sources */,
				F6B8AF4C2944F23200DFC71C /* HomeView.swift in Sources */,
				F6B8AF652944F98200DFC71C /* Log.swift in Sources */,
				F6B8AF742946410F00DFC71C /* Movie.swift in Sources */,
				F6B8AF5F2944F7DB00DFC71C /* Manager.swift in Sources */,
				F6B8AF822948B5CB00DFC71C /* XMarkImage.swift in Sources */,
				F6B8AF722946361D00DFC71C /* Movies.swift in Sources */,
				F6B8AF682945007600DFC71C /* Endpoint.swift in Sources */,
				F6B8AF7D2947B59C00DFC71C /* MovieDetailScreen.swift in Sources */,
				F6B8AF6C294631DC00DFC71C /* NetworkEngine.swift in Sources */,
				F6B8AF4A2944F23200DFC71C /* MovieOSApp.swift in Sources */,
			);
			runOnlyForDeploymentPostprocessing = 0;
		};
/* End PBXSourcesBuildPhase section */

/* Begin XCBuildConfiguration section */
		F6B8AF522944F23500DFC71C /* Debug */ = {
			isa = XCBuildConfiguration;
			buildSettings = {
				ALWAYS_SEARCH_USER_PATHS = NO;
				CLANG_ANALYZER_NONNULL = YES;
				CLANG_ANALYZER_NUMBER_OBJECT_CONVERSION = YES_AGGRESSIVE;
				CLANG_CXX_LANGUAGE_STANDARD = "gnu++20";
				CLANG_ENABLE_MODULES = YES;
				CLANG_ENABLE_OBJC_ARC = YES;
				CLANG_ENABLE_OBJC_WEAK = YES;
				CLANG_WARN_BLOCK_CAPTURE_AUTORELEASING = YES;
				CLANG_WARN_BOOL_CONVERSION = YES;
				CLANG_WARN_COMMA = YES;
				CLANG_WARN_CONSTANT_CONVERSION = YES;
				CLANG_WARN_DEPRECATED_OBJC_IMPLEMENTATIONS = YES;
				CLANG_WARN_DIRECT_OBJC_ISA_USAGE = YES_ERROR;
				CLANG_WARN_DOCUMENTATION_COMMENTS = YES;
				CLANG_WARN_EMPTY_BODY = YES;
				CLANG_WARN_ENUM_CONVERSION = YES;
				CLANG_WARN_INFINITE_RECURSION = YES;
				CLANG_WARN_INT_CONVERSION = YES;
				CLANG_WARN_NON_LITERAL_NULL_CONVERSION = YES;
				CLANG_WARN_OBJC_IMPLICIT_RETAIN_SELF = YES;
				CLANG_WARN_OBJC_LITERAL_CONVERSION = YES;
				CLANG_WARN_OBJC_ROOT_CLASS = YES_ERROR;
				CLANG_WARN_QUOTED_INCLUDE_IN_FRAMEWORK_HEADER = YES;
				CLANG_WARN_RANGE_LOOP_ANALYSIS = YES;
				CLANG_WARN_STRICT_PROTOTYPES = YES;
				CLANG_WARN_SUSPICIOUS_MOVE = YES;
				CLANG_WARN_UNGUARDED_AVAILABILITY = YES_AGGRESSIVE;
				CLANG_WARN_UNREACHABLE_CODE = YES;
				CLANG_WARN__DUPLICATE_METHOD_MATCH = YES;
				COPY_PHASE_STRIP = NO;
				DEBUG_INFORMATION_FORMAT = dwarf;
				ENABLE_STRICT_OBJC_MSGSEND = YES;
				ENABLE_TESTABILITY = YES;
				GCC_C_LANGUAGE_STANDARD = gnu11;
				GCC_DYNAMIC_NO_PIC = NO;
				GCC_NO_COMMON_BLOCKS = YES;
				GCC_OPTIMIZATION_LEVEL = 0;
				GCC_PREPROCESSOR_DEFINITIONS = (
					"DEBUG=1",
					"$(inherited)",
				);
				GCC_WARN_64_TO_32_BIT_CONVERSION = YES;
				GCC_WARN_ABOUT_RETURN_TYPE = YES_ERROR;
				GCC_WARN_UNDECLARED_SELECTOR = YES;
				GCC_WARN_UNINITIALIZED_AUTOS = YES_AGGRESSIVE;
				GCC_WARN_UNUSED_FUNCTION = YES;
				GCC_WARN_UNUSED_VARIABLE = YES;
				IPHONEOS_DEPLOYMENT_TARGET = 16.0;
				MTL_ENABLE_DEBUG_INFO = INCLUDE_SOURCE;
				MTL_FAST_MATH = YES;
				ONLY_ACTIVE_ARCH = YES;
				SDKROOT = iphoneos;
				SWIFT_ACTIVE_COMPILATION_CONDITIONS = DEBUG;
				SWIFT_OPTIMIZATION_LEVEL = "-Onone";
			};
			name = Debug;
		};
		F6B8AF532944F23500DFC71C /* Release */ = {
			isa = XCBuildConfiguration;
			buildSettings = {
				ALWAYS_SEARCH_USER_PATHS = NO;
				CLANG_ANALYZER_NONNULL = YES;
				CLANG_ANALYZER_NUMBER_OBJECT_CONVERSION = YES_AGGRESSIVE;
				CLANG_CXX_LANGUAGE_STANDARD = "gnu++20";
				CLANG_ENABLE_MODULES = YES;
				CLANG_ENABLE_OBJC_ARC = YES;
				CLANG_ENABLE_OBJC_WEAK = YES;
				CLANG_WARN_BLOCK_CAPTURE_AUTORELEASING = YES;
				CLANG_WARN_BOOL_CONVERSION = YES;
				CLANG_WARN_COMMA = YES;
				CLANG_WARN_CONSTANT_CONVERSION = YES;
				CLANG_WARN_DEPRECATED_OBJC_IMPLEMENTATIONS = YES;
				CLANG_WARN_DIRECT_OBJC_ISA_USAGE = YES_ERROR;
				CLANG_WARN_DOCUMENTATION_COMMENTS = YES;
				CLANG_WARN_EMPTY_BODY = YES;
				CLANG_WARN_ENUM_CONVERSION = YES;
				CLANG_WARN_INFINITE_RECURSION = YES;
				CLANG_WARN_INT_CONVERSION = YES;
				CLANG_WARN_NON_LITERAL_NULL_CONVERSION = YES;
				CLANG_WARN_OBJC_IMPLICIT_RETAIN_SELF = YES;
				CLANG_WARN_OBJC_LITERAL_CONVERSION = YES;
				CLANG_WARN_OBJC_ROOT_CLASS = YES_ERROR;
				CLANG_WARN_QUOTED_INCLUDE_IN_FRAMEWORK_HEADER = YES;
				CLANG_WARN_RANGE_LOOP_ANALYSIS = YES;
				CLANG_WARN_STRICT_PROTOTYPES = YES;
				CLANG_WARN_SUSPICIOUS_MOVE = YES;
				CLANG_WARN_UNGUARDED_AVAILABILITY = YES_AGGRESSIVE;
				CLANG_WARN_UNREACHABLE_CODE = YES;
				CLANG_WARN__DUPLICATE_METHOD_MATCH = YES;
				COPY_PHASE_STRIP = NO;
				DEBUG_INFORMATION_FORMAT = "dwarf-with-dsym";
				ENABLE_NS_ASSERTIONS = NO;
				ENABLE_STRICT_OBJC_MSGSEND = YES;
				GCC_C_LANGUAGE_STANDARD = gnu11;
				GCC_NO_COMMON_BLOCKS = YES;
				GCC_WARN_64_TO_32_BIT_CONVERSION = YES;
				GCC_WARN_ABOUT_RETURN_TYPE = YES_ERROR;
				GCC_WARN_UNDECLARED_SELECTOR = YES;
				GCC_WARN_UNINITIALIZED_AUTOS = YES_AGGRESSIVE;
				GCC_WARN_UNUSED_FUNCTION = YES;
				GCC_WARN_UNUSED_VARIABLE = YES;
				IPHONEOS_DEPLOYMENT_TARGET = 16.0;
				MTL_ENABLE_DEBUG_INFO = NO;
				MTL_FAST_MATH = YES;
				SDKROOT = iphoneos;
				SWIFT_COMPILATION_MODE = wholemodule;
				SWIFT_OPTIMIZATION_LEVEL = "-O";
				VALIDATE_PRODUCT = YES;
			};
			name = Release;
		};
		F6B8AF552944F23500DFC71C /* Debug */ = {
			isa = XCBuildConfiguration;
			buildSettings = {
				ASSETCATALOG_COMPILER_APPICON_NAME = AppIcon;
				ASSETCATALOG_COMPILER_GLOBAL_ACCENT_COLOR_NAME = AccentColor;
				CODE_SIGN_STYLE = Automatic;
				CURRENT_PROJECT_VERSION = 1;
				DEVELOPMENT_ASSET_PATHS = "\"MovieOS/Preview Content\"";
				DEVELOPMENT_TEAM = YKD89M9QN9;
				ENABLE_PREVIEWS = YES;
				GENERATE_INFOPLIST_FILE = YES;
				INFOPLIST_KEY_UIApplicationSceneManifest_Generation = YES;
				INFOPLIST_KEY_UIApplicationSupportsIndirectInputEvents = YES;
				INFOPLIST_KEY_UILaunchScreen_Generation = YES;
				INFOPLIST_KEY_UISupportedInterfaceOrientations_iPad = "UIInterfaceOrientationPortrait UIInterfaceOrientationPortraitUpsideDown UIInterfaceOrientationLandscapeLeft UIInterfaceOrientationLandscapeRight";
				INFOPLIST_KEY_UISupportedInterfaceOrientations_iPhone = "UIInterfaceOrientationPortrait UIInterfaceOrientationLandscapeLeft UIInterfaceOrientationLandscapeRight";
				LD_RUNPATH_SEARCH_PATHS = (
					"$(inherited)",
					"@executable_path/Frameworks",
				);
				MARKETING_VERSION = 1.0;
				PRODUCT_BUNDLE_IDENTIFIER = BroadwaterDevs.MovieOS;
				PRODUCT_NAME = "$(TARGET_NAME)";
				SWIFT_EMIT_LOC_STRINGS = YES;
				SWIFT_VERSION = 5.0;
				TARGETED_DEVICE_FAMILY = "1,2";
			};
			name = Debug;
		};
		F6B8AF562944F23500DFC71C /* Release */ = {
			isa = XCBuildConfiguration;
			buildSettings = {
				ASSETCATALOG_COMPILER_APPICON_NAME = AppIcon;
				ASSETCATALOG_COMPILER_GLOBAL_ACCENT_COLOR_NAME = AccentColor;
				CODE_SIGN_STYLE = Automatic;
				CURRENT_PROJECT_VERSION = 1;
				DEVELOPMENT_ASSET_PATHS = "\"MovieOS/Preview Content\"";
				DEVELOPMENT_TEAM = YKD89M9QN9;
				ENABLE_PREVIEWS = YES;
				GENERATE_INFOPLIST_FILE = YES;
				INFOPLIST_KEY_UIApplicationSceneManifest_Generation = YES;
				INFOPLIST_KEY_UIApplicationSupportsIndirectInputEvents = YES;
				INFOPLIST_KEY_UILaunchScreen_Generation = YES;
				INFOPLIST_KEY_UISupportedInterfaceOrientations_iPad = "UIInterfaceOrientationPortrait UIInterfaceOrientationPortraitUpsideDown UIInterfaceOrientationLandscapeLeft UIInterfaceOrientationLandscapeRight";
				INFOPLIST_KEY_UISupportedInterfaceOrientations_iPhone = "UIInterfaceOrientationPortrait UIInterfaceOrientationLandscapeLeft UIInterfaceOrientationLandscapeRight";
				LD_RUNPATH_SEARCH_PATHS = (
					"$(inherited)",
					"@executable_path/Frameworks",
				);
				MARKETING_VERSION = 1.0;
				PRODUCT_BUNDLE_IDENTIFIER = BroadwaterDevs.MovieOS;
				PRODUCT_NAME = "$(TARGET_NAME)";
				SWIFT_EMIT_LOC_STRINGS = YES;
				SWIFT_VERSION = 5.0;
				TARGETED_DEVICE_FAMILY = "1,2";
			};
			name = Release;
		};
/* End XCBuildConfiguration section */

/* Begin XCConfigurationList section */
		F6B8AF412944F23200DFC71C /* Build configuration list for PBXProject "MovieOS" */ = {
			isa = XCConfigurationList;
			buildConfigurations = (
				F6B8AF522944F23500DFC71C /* Debug */,
				F6B8AF532944F23500DFC71C /* Release */,
			);
			defaultConfigurationIsVisible = 0;
			defaultConfigurationName = Release;
		};
		F6B8AF542944F23500DFC71C /* Build configuration list for PBXNativeTarget "MovieOS" */ = {
			isa = XCConfigurationList;
			buildConfigurations = (
				F6B8AF552944F23500DFC71C /* Debug */,
				F6B8AF562944F23500DFC71C /* Release */,
			);
			defaultConfigurationIsVisible = 0;
			defaultConfigurationName = Release;
		};
/* End XCConfigurationList section */
	};
	rootObject = F6B8AF3E2944F23200DFC71C /* Project object */;
}
